// !$*UTF8*$!
{
	archiveVersion = 1;
	classes = {
	};
	objectVersion = 55;
	objects = {

/* Begin PBXBuildFile section */
		78AA10012826885E009DF405 /* AppDelegate.swift in Sources */ = {isa = PBXBuildFile; fileRef = 78AA10002826885E009DF405 /* AppDelegate.swift */; };
		78AA10032826885E009DF405 /* SceneDelegate.swift in Sources */ = {isa = PBXBuildFile; fileRef = 78AA10022826885E009DF405 /* SceneDelegate.swift */; };
		78AA10052826885E009DF405 /* ViewController.swift in Sources */ = {isa = PBXBuildFile; fileRef = 78AA10042826885E009DF405 /* ViewController.swift */; };
		78AA10082826885E009DF405 /* Main.storyboard in Resources */ = {isa = PBXBuildFile; fileRef = 78AA10062826885E009DF405 /* Main.storyboard */; };
		78AA100A28268861009DF405 /* Assets.xcassets in Resources */ = {isa = PBXBuildFile; fileRef = 78AA100928268861009DF405 /* Assets.xcassets */; };
		78AA100D28268861009DF405 /* LaunchScreen.storyboard in Resources */ = {isa = PBXBuildFile; fileRef = 78AA100B28268861009DF405 /* LaunchScreen.storyboard */; };
		78AA1015282691A7009DF405 /* APIManager.swift in Sources */ = {isa = PBXBuildFile; fileRef = 78AA1014282691A7009DF405 /* APIManager.swift */; };
		78AA101A28269324009DF405 /* ImagesResponse.swift in Sources */ = {isa = PBXBuildFile; fileRef = 78AA101728269324009DF405 /* ImagesResponse.swift */; };
		78AA101B28269324009DF405 /* Photos.swift in Sources */ = {isa = PBXBuildFile; fileRef = 78AA101828269324009DF405 /* Photos.swift */; };
		78AA101C28269324009DF405 /* Src.swift in Sources */ = {isa = PBXBuildFile; fileRef = 78AA101928269324009DF405 /* Src.swift */; };
		F1F7EFCF4B81A3CEDD4917AC /* Pods_FindImages.framework in Frameworks */ = {isa = PBXBuildFile; fileRef = 3D26707EDEE3FFAC4D9C9476 /* Pods_FindImages.framework */; };
/* End PBXBuildFile section */

/* Begin PBXFileReference section */
		3D26707EDEE3FFAC4D9C9476 /* Pods_FindImages.framework */ = {isa = PBXFileReference; explicitFileType = wrapper.framework; includeInIndex = 0; path = Pods_FindImages.framework; sourceTree = BUILT_PRODUCTS_DIR; };
		78AA0FFD2826885E009DF405 /* FindImages.app */ = {isa = PBXFileReference; explicitFileType = wrapper.application; includeInIndex = 0; path = FindImages.app; sourceTree = BUILT_PRODUCTS_DIR; };
		78AA10002826885E009DF405 /* AppDelegate.swift */ = {isa = PBXFileReference; lastKnownFileType = sourcecode.swift; path = AppDelegate.swift; sourceTree = "<group>"; };
		78AA10022826885E009DF405 /* SceneDelegate.swift */ = {isa = PBXFileReference; lastKnownFileType = sourcecode.swift; path = SceneDelegate.swift; sourceTree = "<group>"; };
		78AA10042826885E009DF405 /* ViewController.swift */ = {isa = PBXFileReference; lastKnownFileType = sourcecode.swift; path = ViewController.swift; sourceTree = "<group>"; };
		78AA10072826885E009DF405 /* Base */ = {isa = PBXFileReference; lastKnownFileType = file.storyboard; name = Base; path = Base.lproj/Main.storyboard; sourceTree = "<group>"; };
		78AA100928268861009DF405 /* Assets.xcassets */ = {isa = PBXFileReference; lastKnownFileType = folder.assetcatalog; path = Assets.xcassets; sourceTree = "<group>"; };
		78AA100C28268861009DF405 /* Base */ = {isa = PBXFileReference; lastKnownFileType = file.storyboard; name = Base; path = Base.lproj/LaunchScreen.storyboard; sourceTree = "<group>"; };
		78AA100E28268861009DF405 /* Info.plist */ = {isa = PBXFileReference; lastKnownFileType = text.plist.xml; path = Info.plist; sourceTree = "<group>"; };
		78AA1014282691A7009DF405 /* APIManager.swift */ = {isa = PBXFileReference; lastKnownFileType = sourcecode.swift; path = APIManager.swift; sourceTree = "<group>"; };
		78AA101728269324009DF405 /* ImagesResponse.swift */ = {isa = PBXFileReference; fileEncoding = 4; lastKnownFileType = sourcecode.swift; path = ImagesResponse.swift; sourceTree = "<group>"; };
		78AA101828269324009DF405 /* Photos.swift */ = {isa = PBXFileReference; fileEncoding = 4; lastKnownFileType = sourcecode.swift; path = Photos.swift; sourceTree = "<group>"; };
		78AA101928269324009DF405 /* Src.swift */ = {isa = PBXFileReference; fileEncoding = 4; lastKnownFileType = sourcecode.swift; path = Src.swift; sourceTree = "<group>"; };
		9187A783CBCF398C9C41B266 /* Pods-FindImages.release.xcconfig */ = {isa = PBXFileReference; includeInIndex = 1; lastKnownFileType = text.xcconfig; name = "Pods-FindImages.release.xcconfig"; path = "Target Support Files/Pods-FindImages/Pods-FindImages.release.xcconfig"; sourceTree = "<group>"; };
		FC6B6A29835370DA93B47E16 /* Pods-FindImages.debug.xcconfig */ = {isa = PBXFileReference; includeInIndex = 1; lastKnownFileType = text.xcconfig; name = "Pods-FindImages.debug.xcconfig"; path = "Target Support Files/Pods-FindImages/Pods-FindImages.debug.xcconfig"; sourceTree = "<group>"; };
/* End PBXFileReference section */

/* Begin PBXFrameworksBuildPhase section */
		78AA0FFA2826885E009DF405 /* Frameworks */ = {
			isa = PBXFrameworksBuildPhase;
			buildActionMask = 2147483647;
			files = (
				F1F7EFCF4B81A3CEDD4917AC /* Pods_FindImages.framework in Frameworks */,
			);
			runOnlyForDeploymentPostprocessing = 0;
		};
/* End PBXFrameworksBuildPhase section */

/* Begin PBXGroup section */
		0EBFEBB177FD6A14439D5425 /* Pods */ = {
			isa = PBXGroup;
			children = (
				FC6B6A29835370DA93B47E16 /* Pods-FindImages.debug.xcconfig */,
				9187A783CBCF398C9C41B266 /* Pods-FindImages.release.xcconfig */,
			);
			name = Pods;
			path = Pods;
			sourceTree = "<group>";
		};
		78AA0FF42826885E009DF405 = {
			isa = PBXGroup;
			children = (
				78AA0FFF2826885E009DF405 /* FindImages */,
				78AA0FFE2826885E009DF405 /* Products */,
				0EBFEBB177FD6A14439D5425 /* Pods */,
				D17FF455FD371520FB99CC42 /* Frameworks */,
			);
			sourceTree = "<group>";
		};
		78AA0FFE2826885E009DF405 /* Products */ = {
			isa = PBXGroup;
			children = (
				78AA0FFD2826885E009DF405 /* FindImages.app */,
			);
			name = Products;
			sourceTree = "<group>";
		};
		78AA0FFF2826885E009DF405 /* FindImages */ = {
			isa = PBXGroup;
			children = (
				78AA10002826885E009DF405 /* AppDelegate.swift */,
				78AA1014282691A7009DF405 /* APIManager.swift */,
				78AA10162826931D009DF405 /* Model */,
				78AA10022826885E009DF405 /* SceneDelegate.swift */,
				78AA10042826885E009DF405 /* ViewController.swift */,
				78AA10062826885E009DF405 /* Main.storyboard */,
				78AA100928268861009DF405 /* Assets.xcassets */,
				78AA100B28268861009DF405 /* LaunchScreen.storyboard */,
				78AA100E28268861009DF405 /* Info.plist */,
			);
			path = FindImages;
			sourceTree = "<group>";
		};
		78AA10162826931D009DF405 /* Model */ = {
			isa = PBXGroup;
			children = (
				78AA101728269324009DF405 /* ImagesResponse.swift */,
				78AA101828269324009DF405 /* Photos.swift */,
				78AA101928269324009DF405 /* Src.swift */,
			);
			path = Model;
			sourceTree = "<group>";
		};
		D17FF455FD371520FB99CC42 /* Frameworks */ = {
			isa = PBXGroup;
			children = (
				3D26707EDEE3FFAC4D9C9476 /* Pods_FindImages.framework */,
			);
			name = Frameworks;
			sourceTree = "<group>";
		};
/* End PBXGroup section */

/* Begin PBXNativeTarget section */
		78AA0FFC2826885E009DF405 /* FindImages */ = {
			isa = PBXNativeTarget;
			buildConfigurationList = 78AA101128268861009DF405 /* Build configuration list for PBXNativeTarget "FindImages" */;
			buildPhases = (
				CED81E939C8C58EDCE5CE97D /* [CP] Check Pods Manifest.lock */,
				78AA0FF92826885E009DF405 /* Sources */,
				78AA0FFA2826885E009DF405 /* Frameworks */,
				78AA0FFB2826885E009DF405 /* Resources */,
				83F89586B4FE1E2C212F33F1 /* [CP] Embed Pods Frameworks */,
			);
			buildRules = (
			);
			dependencies = (
			);
			name = FindImages;
			productName = FindImages;
			productReference = 78AA0FFD2826885E009DF405 /* FindImages.app */;
			productType = "com.apple.product-type.application";
		};
/* End PBXNativeTarget section */

/* Begin PBXProject section */
		78AA0FF52826885E009DF405 /* Project object */ = {
			isa = PBXProject;
			attributes = {
				BuildIndependentTargetsInParallel = 1;
				LastSwiftUpdateCheck = 1330;
				LastUpgradeCheck = 1330;
				TargetAttributes = {
					78AA0FFC2826885E009DF405 = {
						CreatedOnToolsVersion = 13.3.1;
					};
				};
			};
			buildConfigurationList = 78AA0FF82826885E009DF405 /* Build configuration list for PBXProject "FindImages" */;
			compatibilityVersion = "Xcode 13.0";
			developmentRegion = en;
			hasScannedForEncodings = 0;
			knownRegions = (
				en,
				Base,
			);
			mainGroup = 78AA0FF42826885E009DF405;
			productRefGroup = 78AA0FFE2826885E009DF405 /* Products */;
			projectDirPath = "";
			projectRoot = "";
			targets = (
				78AA0FFC2826885E009DF405 /* FindImages */,
			);
		};
/* End PBXProject section */

/* Begin PBXResourcesBuildPhase section */
		78AA0FFB2826885E009DF405 /* Resources */ = {
			isa = PBXResourcesBuildPhase;
			buildActionMask = 2147483647;
			files = (
				78AA100D28268861009DF405 /* LaunchScreen.storyboard in Resources */,
				78AA100A28268861009DF405 /* Assets.xcassets in Resources */,
				78AA10082826885E009DF405 /* Main.storyboard in Resources */,
			);
			runOnlyForDeploymentPostprocessing = 0;
		};
/* End PBXResourcesBuildPhase section */

/* Begin PBXShellScriptBuildPhase section */
		83F89586B4FE1E2C212F33F1 /* [CP] Embed Pods Frameworks */ = {
			isa = PBXShellScriptBuildPhase;
			buildActionMask = 2147483647;
			files = (
			);
			inputFileListPaths = (
				"${PODS_ROOT}/Target Support Files/Pods-FindImages/Pods-FindImages-frameworks-${CONFIGURATION}-input-files.xcfilelist",
			);
			name = "[CP] Embed Pods Frameworks";
			outputFileListPaths = (
				"${PODS_ROOT}/Target Support Files/Pods-FindImages/Pods-FindImages-frameworks-${CONFIGURATION}-output-files.xcfilelist",
			);
			runOnlyForDeploymentPostprocessing = 0;
			shellPath = /bin/sh;
			shellScript = "\"${PODS_ROOT}/Target Support Files/Pods-FindImages/Pods-FindImages-frameworks.sh\"\n";
			showEnvVarsInLog = 0;
		};
		CED81E939C8C58EDCE5CE97D /* [CP] Check Pods Manifest.lock */ = {
			isa = PBXShellScriptBuildPhase;
			buildActionMask = 2147483647;
			files = (
			);
			inputFileListPaths = (
			);
			inputPaths = (
				"${PODS_PODFILE_DIR_PATH}/Podfile.lock",
				"${PODS_ROOT}/Manifest.lock",
			);
			name = "[CP] Check Pods Manifest.lock";
			outputFileListPaths = (
			);
			outputPaths = (
				"$(DERIVED_FILE_DIR)/Pods-FindImages-checkManifestLockResult.txt",
			);
			runOnlyForDeploymentPostprocessing = 0;
			shellPath = /bin/sh;
			shellScript = "diff \"${PODS_PODFILE_DIR_PATH}/Podfile.lock\" \"${PODS_ROOT}/Manifest.lock\" > /dev/null\nif [ $? != 0 ] ; then\n    # print error to STDERR\n    echo \"error: The sandbox is not in sync with the Podfile.lock. Run 'pod install' or update your CocoaPods installation.\" >&2\n    exit 1\nfi\n# This output is used by Xcode 'outputs' to avoid re-running this script phase.\necho \"SUCCESS\" > \"${SCRIPT_OUTPUT_FILE_0}\"\n";
			showEnvVarsInLog = 0;
		};
/* End PBXShellScriptBuildPhase section */

/* Begin PBXSourcesBuildPhase section */
		78AA0FF92826885E009DF405 /* Sources */ = {
			isa = PBXSourcesBuildPhase;
			buildActionMask = 2147483647;
			files = (
				78AA101B28269324009DF405 /* Photos.swift in Sources */,
				78AA1015282691A7009DF405 /* APIManager.swift in Sources */,
				78AA10052826885E009DF405 /* ViewController.swift in Sources */,
				78AA10012826885E009DF405 /* AppDelegate.swift in Sources */,
				78AA101A28269324009DF405 /* ImagesResponse.swift in Sources */,
				78AA101C28269324009DF405 /* Src.swift in Sources */,
				78AA10032826885E009DF405 /* SceneDelegate.swift in Sources */,
			);
			runOnlyForDeploymentPostprocessing = 0;
		};
/* End PBXSourcesBuildPhase section */

/* Begin PBXVariantGroup section */
		78AA10062826885E009DF405 /* Main.storyboard */ = {
			isa = PBXVariantGroup;
			children = (
				78AA10072826885E009DF405 /* Base */,
			);
			name = Main.storyboard;
			sourceTree = "<group>";
		};
		78AA100B28268861009DF405 /* LaunchScreen.storyboard */ = {
			isa = PBXVariantGroup;
			children = (
				78AA100C28268861009DF405 /* Base */,
			);
			name = LaunchScreen.storyboard;
			sourceTree = "<group>";
		};
/* End PBXVariantGroup section */

/* Begin XCBuildConfiguration section */
		78AA100F28268861009DF405 /* Debug */ = {
			isa = XCBuildConfiguration;
			buildSettings = {
				ALWAYS_SEARCH_USER_PATHS = NO;
				CLANG_ANALYZER_NONNULL = YES;
				CLANG_ANALYZER_NUMBER_OBJECT_CONVERSION = YES_AGGRESSIVE;
				CLANG_CXX_LANGUAGE_STANDARD = "gnu++17";
				CLANG_ENABLE_MODULES = YES;
				CLANG_ENABLE_OBJC_ARC = YES;
				CLANG_ENABLE_OBJC_WEAK = YES;
				CLANG_WARN_BLOCK_CAPTURE_AUTORELEASING = YES;
				CLANG_WARN_BOOL_CONVERSION = YES;
				CLANG_WARN_COMMA = YES;
				CLANG_WARN_CONSTANT_CONVERSION = YES;
				CLANG_WARN_DEPRECATED_OBJC_IMPLEMENTATIONS = YES;
				CLANG_WARN_DIRECT_OBJC_ISA_USAGE = YES_ERROR;
				CLANG_WARN_DOCUMENTATION_COMMENTS = YES;
				CLANG_WARN_EMPTY_BODY = YES;
				CLANG_WARN_ENUM_CONVERSION = YES;
				CLANG_WARN_INFINITE_RECURSION = YES;
				CLANG_WARN_INT_CONVERSION = YES;
				CLANG_WARN_NON_LITERAL_NULL_CONVERSION = YES;
				CLANG_WARN_OBJC_IMPLICIT_RETAIN_SELF = YES;
				CLANG_WARN_OBJC_LITERAL_CONVERSION = YES;
				CLANG_WARN_OBJC_ROOT_CLASS = YES_ERROR;
				CLANG_WARN_QUOTED_INCLUDE_IN_FRAMEWORK_HEADER = YES;
				CLANG_WARN_RANGE_LOOP_ANALYSIS = YES;
				CLANG_WARN_STRICT_PROTOTYPES = YES;
				CLANG_WARN_SUSPICIOUS_MOVE = YES;
				CLANG_WARN_UNGUARDED_AVAILABILITY = YES_AGGRESSIVE;
				CLANG_WARN_UNREACHABLE_CODE = YES;
				CLANG_WARN__DUPLICATE_METHOD_MATCH = YES;
				COPY_PHASE_STRIP = NO;
				DEBUG_INFORMATION_FORMAT = dwarf;
				ENABLE_STRICT_OBJC_MSGSEND = YES;
				ENABLE_TESTABILITY = YES;
				GCC_C_LANGUAGE_STANDARD = gnu11;
				GCC_DYNAMIC_NO_PIC = NO;
				GCC_NO_COMMON_BLOCKS = YES;
				GCC_OPTIMIZATION_LEVEL = 0;
				GCC_PREPROCESSOR_DEFINITIONS = (
					"DEBUG=1",
					"$(inherited)",
				);
				GCC_WARN_64_TO_32_BIT_CONVERSION = YES;
				GCC_WARN_ABOUT_RETURN_TYPE = YES_ERROR;
				GCC_WARN_UNDECLARED_SELECTOR = YES;
				GCC_WARN_UNINITIALIZED_AUTOS = YES_AGGRESSIVE;
				GCC_WARN_UNUSED_FUNCTION = YES;
				GCC_WARN_UNUSED_VARIABLE = YES;
				IPHONEOS_DEPLOYMENT_TARGET = 15.4;
				MTL_ENABLE_DEBUG_INFO = INCLUDE_SOURCE;
				MTL_FAST_MATH = YES;
				ONLY_ACTIVE_ARCH = YES;
				SDKROOT = iphoneos;
				SWIFT_ACTIVE_COMPILATION_CONDITIONS = DEBUG;
				SWIFT_OPTIMIZATION_LEVEL = "-Onone";
			};
			name = Debug;
		};
		78AA101028268861009DF405 /* Release */ = {
			isa = XCBuildConfiguration;
			buildSettings = {
				ALWAYS_SEARCH_USER_PATHS = NO;
				CLANG_ANALYZER_NONNULL = YES;
				CLANG_ANALYZER_NUMBER_OBJECT_CONVERSION = YES_AGGRESSIVE;
				CLANG_CXX_LANGUAGE_STANDARD = "gnu++17";
				CLANG_ENABLE_MODULES = YES;
				CLANG_ENABLE_OBJC_ARC = YES;
				CLANG_ENABLE_OBJC_WEAK = YES;
				CLANG_WARN_BLOCK_CAPTURE_AUTORELEASING = YES;
				CLANG_WARN_BOOL_CONVERSION = YES;
				CLANG_WARN_COMMA = YES;
				CLANG_WARN_CONSTANT_CONVERSION = YES;
				CLANG_WARN_DEPRECATED_OBJC_IMPLEMENTATIONS = YES;
				CLANG_WARN_DIRECT_OBJC_ISA_USAGE = YES_ERROR;
				CLANG_WARN_DOCUMENTATION_COMMENTS = YES;
				CLANG_WARN_EMPTY_BODY = YES;
				CLANG_WARN_ENUM_CONVERSION = YES;
				CLANG_WARN_INFINITE_RECURSION = YES;
				CLANG_WARN_INT_CONVERSION = YES;
				CLANG_WARN_NON_LITERAL_NULL_CONVERSION = YES;
				CLANG_WARN_OBJC_IMPLICIT_RETAIN_SELF = YES;
				CLANG_WARN_OBJC_LITERAL_CONVERSION = YES;
				CLANG_WARN_OBJC_ROOT_CLASS = YES_ERROR;
				CLANG_WARN_QUOTED_INCLUDE_IN_FRAMEWORK_HEADER = YES;
				CLANG_WARN_RANGE_LOOP_ANALYSIS = YES;
				CLANG_WARN_STRICT_PROTOTYPES = YES;
				CLANG_WARN_SUSPICIOUS_MOVE = YES;
				CLANG_WARN_UNGUARDED_AVAILABILITY = YES_AGGRESSIVE;
				CLANG_WARN_UNREACHABLE_CODE = YES;
				CLANG_WARN__DUPLICATE_METHOD_MATCH = YES;
				COPY_PHASE_STRIP = NO;
				DEBUG_INFORMATION_FORMAT = "dwarf-with-dsym";
				ENABLE_NS_ASSERTIONS = NO;
				ENABLE_STRICT_OBJC_MSGSEND = YES;
				GCC_C_LANGUAGE_STANDARD = gnu11;
				GCC_NO_COMMON_BLOCKS = YES;
				GCC_WARN_64_TO_32_BIT_CONVERSION = YES;
				GCC_WARN_ABOUT_RETURN_TYPE = YES_ERROR;
				GCC_WARN_UNDECLARED_SELECTOR = YES;
				GCC_WARN_UNINITIALIZED_AUTOS = YES_AGGRESSIVE;
				GCC_WARN_UNUSED_FUNCTION = YES;
				GCC_WARN_UNUSED_VARIABLE = YES;
				IPHONEOS_DEPLOYMENT_TARGET = 15.4;
				MTL_ENABLE_DEBUG_INFO = NO;
				MTL_FAST_MATH = YES;
				SDKROOT = iphoneos;
				SWIFT_COMPILATION_MODE = wholemodule;
				SWIFT_OPTIMIZATION_LEVEL = "-O";
				VALIDATE_PRODUCT = YES;
			};
			name = Release;
		};
		78AA101228268861009DF405 /* Debug */ = {
			isa = XCBuildConfiguration;
			baseConfigurationReference = FC6B6A29835370DA93B47E16 /* Pods-FindImages.debug.xcconfig */;
			buildSettings = {
				ASSETCATALOG_COMPILER_APPICON_NAME = AppIcon;
				ASSETCATALOG_COMPILER_GLOBAL_ACCENT_COLOR_NAME = AccentColor;
				CODE_SIGN_STYLE = Automatic;
				CURRENT_PROJECT_VERSION = 1;
				GENERATE_INFOPLIST_FILE = YES;
				INFOPLIST_FILE = FindImages/Info.plist;
				INFOPLIST_KEY_UIApplicationSupportsIndirectInputEvents = YES;
				INFOPLIST_KEY_UILaunchStoryboardName = LaunchScreen;
				INFOPLIST_KEY_UIMainStoryboardFile = Main;
				INFOPLIST_KEY_UISupportedInterfaceOrientations_iPad = "UIInterfaceOrientationPortrait UIInterfaceOrientationPortraitUpsideDown UIInterfaceOrientationLandscapeLeft UIInterfaceOrientationLandscapeRight";
				INFOPLIST_KEY_UISupportedInterfaceOrientations_iPhone = "UIInterfaceOrientationPortrait UIInterfaceOrientationLandscapeLeft UIInterfaceOrientationLandscapeRight";
				LD_RUNPATH_SEARCH_PATHS = (
					"$(inherited)",
					"@executable_path/Frameworks",
				);
				MARKETING_VERSION = 1.0;
				PRODUCT_BUNDLE_IDENTIFIER = Test.FindImages;
				PRODUCT_NAME = "$(TARGET_NAME)";
				SWIFT_EMIT_LOC_STRINGS = YES;
				SWIFT_VERSION = 5.0;
				TARGETED_DEVICE_FAMILY = "1,2";
			};
			name = Debug;
		};
		78AA101328268861009DF405 /* Release */ = {
			isa = XCBuildConfiguration;
			baseConfigurationReference = 9187A783CBCF398C9C41B266 /* Pods-FindImages.release.xcconfig */;
			buildSettings = {
				ASSETCATALOG_COMPILER_APPICON_NAME = AppIcon;
				ASSETCATALOG_COMPILER_GLOBAL_ACCENT_COLOR_NAME = AccentColor;
				CODE_SIGN_STYLE = Automatic;
				CURRENT_PROJECT_VERSION = 1;
				GENERATE_INFOPLIST_FILE = YES;
				INFOPLIST_FILE = FindImages/Info.plist;
				INFOPLIST_KEY_UIApplicationSupportsIndirectInputEvents = YES;
				INFOPLIST_KEY_UILaunchStoryboardName = LaunchScreen;
				INFOPLIST_KEY_UIMainStoryboardFile = Main;
				INFOPLIST_KEY_UISupportedInterfaceOrientations_iPad = "UIInterfaceOrientationPortrait UIInterfaceOrientationPortraitUpsideDown UIInterfaceOrientationLandscapeLeft UIInterfaceOrientationLandscapeRight";
				INFOPLIST_KEY_UISupportedInterfaceOrientations_iPhone = "UIInterfaceOrientationPortrait UIInterfaceOrientationLandscapeLeft UIInterfaceOrientationLandscapeRight";
				LD_RUNPATH_SEARCH_PATHS = (
					"$(inherited)",
					"@executable_path/Frameworks",
				);
				MARKETING_VERSION = 1.0;
				PRODUCT_BUNDLE_IDENTIFIER = Test.FindImages;
				PRODUCT_NAME = "$(TARGET_NAME)";
				SWIFT_EMIT_LOC_STRINGS = YES;
				SWIFT_VERSION = 5.0;
				TARGETED_DEVICE_FAMILY = "1,2";
			};
			name = Release;
		};
/* End XCBuildConfiguration section */

/* Begin XCConfigurationList section */
		78AA0FF82826885E009DF405 /* Build configuration list for PBXProject "FindImages" */ = {
			isa = XCConfigurationList;
			buildConfigurations = (
				78AA100F28268861009DF405 /* Debug */,
				78AA101028268861009DF405 /* Release */,
			);
			defaultConfigurationIsVisible = 0;
			defaultConfigurationName = Release;
		};
		78AA101128268861009DF405 /* Build configuration list for PBXNativeTarget "FindImages" */ = {
			isa = XCConfigurationList;
			buildConfigurations = (
				78AA101228268861009DF405 /* Debug */,
				78AA101328268861009DF405 /* Release */,
			);
			defaultConfigurationIsVisible = 0;
			defaultConfigurationName = Release;
		};
/* End XCConfigurationList section */
	};
	rootObject = 78AA0FF52826885E009DF405 /* Project object */;
}
